
Microsoft Visual Studio Solution File, Format Version 12.00
# Visual Studio Version 17
VisualStudioVersion = 17.5.33530.505
MinimumVisualStudioVersion = 10.0.40219.1
Project("{FAE04EC0-301F-11D3-BF4B-00C04F79EFBC}") = "Sali", "Sali\Sali.csproj", "{FED33D3A-0F17-4D74-B411-B521D5A8C7C0}"
EndProject
Global
	GlobalSection(SolutionConfigurationPlatforms) = preSolution
		Debug|Any CPU = Debug|Any CPU
		Release|Any CPU = Release|Any CPU
	EndGlobalSection
	GlobalSection(ProjectConfigurationPlatforms) = postSolution
		{FED33D3A-0F17-4D74-B411-B521D5A8C7C0}.Debug|Any CPU.ActiveCfg = Debug|Any CPU
		{FED33D3A-0F17-4D74-B411-B521D5A8C7C0}.Debug|Any CPU.Build.0 = Debug|Any CPU
		{FED33D3A-0F17-4D74-B411-B521D5A8C7C0}.Release|Any CPU.ActiveCfg = Release|Any CPU
		{FED33D3A-0F17-4D74-B411-B521D5A8C7C0}.Release|Any CPU.Build.0 = Release|Any CPU
	EndGlobalSection
	GlobalSection(SolutionProperties) = preSolution
		HideSolutionNode = FALSE
	EndGlobalSection
	GlobalSection(ExtensibilityGlobals) = postSolution
		SolutionGuid = {F4A02852-863A-46D0-AD7A-B2AD948258DA}
	EndGlobalSection
EndGlobal
